// !$*UTF8*$!
{
	archiveVersion = 1;
	classes = {
	};
	objectVersion = 77;
	objects = {

/* Begin PBXBuildFile section */
		DD250A5C2D31A84B00F11B20 /* Secrets.plist in Resources */ = {isa = PBXBuildFile; fileRef = DD250A5B2D31A84B00F11B20 /* Secrets.plist */; };
		DD6175BD2D31256000110885 /* RevenueCat in Frameworks */ = {isa = PBXBuildFile; productRef = DD6175BC2D31256000110885 /* RevenueCat */; };
/* End PBXBuildFile section */

/* Begin PBXContainerItemProxy section */
		DD6175282D306C3300110885 /* PBXContainerItemProxy */ = {
			isa = PBXContainerItemProxy;
			containerPortal = DD61750C2D306C3200110885 /* Project object */;
			proxyType = 1;
			remoteGlobalIDString = DD6175132D306C3200110885;
			remoteInfo = echoed;
		};
		DD6175322D306C3300110885 /* PBXContainerItemProxy */ = {
			isa = PBXContainerItemProxy;
			containerPortal = DD61750C2D306C3200110885 /* Project object */;
			proxyType = 1;
			remoteGlobalIDString = DD6175132D306C3200110885;
			remoteInfo = echoed;
		};
/* End PBXContainerItemProxy section */

/* Begin PBXFileReference section */
		DD250A5B2D31A84B00F11B20 /* Secrets.plist */ = {isa = PBXFileReference; lastKnownFileType = text.plist.xml; path = Secrets.plist; sourceTree = "<group>"; };
		DD6175142D306C3200110885 /* echoed.app */ = {isa = PBXFileReference; explicitFileType = wrapper.application; includeInIndex = 0; path = echoed.app; sourceTree = BUILT_PRODUCTS_DIR; };
		DD6175272D306C3300110885 /* echoedTests.xctest */ = {isa = PBXFileReference; explicitFileType = wrapper.cfbundle; includeInIndex = 0; path = echoedTests.xctest; sourceTree = BUILT_PRODUCTS_DIR; };
		DD6175312D306C3300110885 /* echoedUITests.xctest */ = {isa = PBXFileReference; explicitFileType = wrapper.cfbundle; includeInIndex = 0; path = echoedUITests.xctest; sourceTree = BUILT_PRODUCTS_DIR; };
/* End PBXFileReference section */

/* Begin PBXFileSystemSynchronizedRootGroup section */
		DD6175162D306C3200110885 /* echoed */ = {
			isa = PBXFileSystemSynchronizedRootGroup;
			path = echoed;
			sourceTree = "<group>";
		};
		DD61752A2D306C3300110885 /* echoedTests */ = {
			isa = PBXFileSystemSynchronizedRootGroup;
			path = echoedTests;
			sourceTree = "<group>";
		};
		DD6175342D306C3300110885 /* echoedUITests */ = {
			isa = PBXFileSystemSynchronizedRootGroup;
			path = echoedUITests;
			sourceTree = "<group>";
		};
/* End PBXFileSystemSynchronizedRootGroup section */

/* Begin PBXFrameworksBuildPhase section */
		DD6175112D306C3200110885 /* Frameworks */ = {
			isa = PBXFrameworksBuildPhase;
			buildActionMask = 2147483647;
			files = (
				DD6175BD2D31256000110885 /* RevenueCat in Frameworks */,
			);
			runOnlyForDeploymentPostprocessing = 0;
		};
		DD6175242D306C3300110885 /* Frameworks */ = {
			isa = PBXFrameworksBuildPhase;
			buildActionMask = 2147483647;
			files = (
			);
			runOnlyForDeploymentPostprocessing = 0;
		};
		DD61752E2D306C3300110885 /* Frameworks */ = {
			isa = PBXFrameworksBuildPhase;
			buildActionMask = 2147483647;
			files = (
			);
			runOnlyForDeploymentPostprocessing = 0;
		};
/* End PBXFrameworksBuildPhase section */

/* Begin PBXGroup section */
		DD61750B2D306C3200110885 = {
			isa = PBXGroup;
			children = (
				DD250A5B2D31A84B00F11B20 /* Secrets.plist */,
				DD6175162D306C3200110885 /* echoed */,
				DD61752A2D306C3300110885 /* echoedTests */,
				DD6175342D306C3300110885 /* echoedUITests */,
				DD6175152D306C3200110885 /* Products */,
			);
			sourceTree = "<group>";
		};
		DD6175152D306C3200110885 /* Products */ = {
			isa = PBXGroup;
			children = (
				DD6175142D306C3200110885 /* echoed.app */,
				DD6175272D306C3300110885 /* echoedTests.xctest */,
				DD6175312D306C3300110885 /* echoedUITests.xctest */,
			);
			name = Products;
			sourceTree = "<group>";
		};
/* End PBXGroup section */

/* Begin PBXNativeTarget section */
		DD6175132D306C3200110885 /* echoed */ = {
			isa = PBXNativeTarget;
			buildConfigurationList = DD61753B2D306C3300110885 /* Build configuration list for PBXNativeTarget "echoed" */;
			buildPhases = (
				DD6175102D306C3200110885 /* Sources */,
				DD6175112D306C3200110885 /* Frameworks */,
				DD6175122D306C3200110885 /* Resources */,
			);
			buildRules = (
			);
			dependencies = (
			);
			fileSystemSynchronizedGroups = (
				DD6175162D306C3200110885 /* echoed */,
			);
			name = echoed;
			packageProductDependencies = (
				DD6175BA2D31256000110885 /* ReceiptParser */,
				DD6175BC2D31256000110885 /* RevenueCat */,
				DD6175BE2D31256000110885 /* RevenueCatUI */,
				DD6175C02D31256000110885 /* RevenueCat_CustomEntitlementComputation */,
			);
			productName = echoed;
			productReference = DD6175142D306C3200110885 /* echoed.app */;
			productType = "com.apple.product-type.application";
		};
		DD6175262D306C3300110885 /* echoedTests */ = {
			isa = PBXNativeTarget;
			buildConfigurationList = DD61753E2D306C3300110885 /* Build configuration list for PBXNativeTarget "echoedTests" */;
			buildPhases = (
				DD6175232D306C3300110885 /* Sources */,
				DD6175242D306C3300110885 /* Frameworks */,
				DD6175252D306C3300110885 /* Resources */,
			);
			buildRules = (
			);
			dependencies = (
				DD6175292D306C3300110885 /* PBXTargetDependency */,
			);
			fileSystemSynchronizedGroups = (
				DD61752A2D306C3300110885 /* echoedTests */,
			);
			name = echoedTests;
			packageProductDependencies = (
			);
			productName = echoedTests;
			productReference = DD6175272D306C3300110885 /* echoedTests.xctest */;
			productType = "com.apple.product-type.bundle.unit-test";
		};
		DD6175302D306C3300110885 /* echoedUITests */ = {
			isa = PBXNativeTarget;
			buildConfigurationList = DD6175412D306C3300110885 /* Build configuration list for PBXNativeTarget "echoedUITests" */;
			buildPhases = (
				DD61752D2D306C3300110885 /* Sources */,
				DD61752E2D306C3300110885 /* Frameworks */,
				DD61752F2D306C3300110885 /* Resources */,
			);
			buildRules = (
			);
			dependencies = (
				DD6175332D306C3300110885 /* PBXTargetDependency */,
			);
			fileSystemSynchronizedGroups = (
				DD6175342D306C3300110885 /* echoedUITests */,
			);
			name = echoedUITests;
			packageProductDependencies = (
			);
			productName = echoedUITests;
			productReference = DD6175312D306C3300110885 /* echoedUITests.xctest */;
			productType = "com.apple.product-type.bundle.ui-testing";
		};
/* End PBXNativeTarget section */

/* Begin PBXProject section */
		DD61750C2D306C3200110885 /* Project object */ = {
			isa = PBXProject;
			attributes = {
				BuildIndependentTargetsInParallel = 1;
				LastSwiftUpdateCheck = 1620;
				LastUpgradeCheck = 1620;
				TargetAttributes = {
					DD6175132D306C3200110885 = {
						CreatedOnToolsVersion = 16.2;
					};
					DD6175262D306C3300110885 = {
						CreatedOnToolsVersion = 16.2;
						TestTargetID = DD6175132D306C3200110885;
					};
					DD6175302D306C3300110885 = {
						CreatedOnToolsVersion = 16.2;
						TestTargetID = DD6175132D306C3200110885;
					};
				};
			};
			buildConfigurationList = DD61750F2D306C3200110885 /* Build configuration list for PBXProject "echoed" */;
			developmentRegion = en;
			hasScannedForEncodings = 0;
			knownRegions = (
				en,
				Base,
			);
			mainGroup = DD61750B2D306C3200110885;
			minimizedProjectReferenceProxies = 1;
			packageReferences = (
				DD6175B92D31256000110885 /* XCRemoteSwiftPackageReference "purchases-ios" */,
			);
			preferredProjectObjectVersion = 77;
			productRefGroup = DD6175152D306C3200110885 /* Products */;
			projectDirPath = "";
			projectRoot = "";
			targets = (
				DD6175132D306C3200110885 /* echoed */,
				DD6175262D306C3300110885 /* echoedTests */,
				DD6175302D306C3300110885 /* echoedUITests */,
			);
		};
/* End PBXProject section */

/* Begin PBXResourcesBuildPhase section */
		DD6175122D306C3200110885 /* Resources */ = {
			isa = PBXResourcesBuildPhase;
			buildActionMask = 2147483647;
			files = (
				DD250A5C2D31A84B00F11B20 /* Secrets.plist in Resources */,
			);
			runOnlyForDeploymentPostprocessing = 0;
		};
		DD6175252D306C3300110885 /* Resources */ = {
			isa = PBXResourcesBuildPhase;
			buildActionMask = 2147483647;
			files = (
			);
			runOnlyForDeploymentPostprocessing = 0;
		};
		DD61752F2D306C3300110885 /* Resources */ = {
			isa = PBXResourcesBuildPhase;
			buildActionMask = 2147483647;
			files = (
			);
			runOnlyForDeploymentPostprocessing = 0;
		};
/* End PBXResourcesBuildPhase section */

/* Begin PBXSourcesBuildPhase section */
		DD6175102D306C3200110885 /* Sources */ = {
			isa = PBXSourcesBuildPhase;
			buildActionMask = 2147483647;
			files = (
			);
			runOnlyForDeploymentPostprocessing = 0;
		};
		DD6175232D306C3300110885 /* Sources */ = {
			isa = PBXSourcesBuildPhase;
			buildActionMask = 2147483647;
			files = (
			);
			runOnlyForDeploymentPostprocessing = 0;
		};
		DD61752D2D306C3300110885 /* Sources */ = {
			isa = PBXSourcesBuildPhase;
			buildActionMask = 2147483647;
			files = (
			);
			runOnlyForDeploymentPostprocessing = 0;
		};
/* End PBXSourcesBuildPhase section */

/* Begin PBXTargetDependency section */
		DD6175292D306C3300110885 /* PBXTargetDependency */ = {
			isa = PBXTargetDependency;
			target = DD6175132D306C3200110885 /* echoed */;
			targetProxy = DD6175282D306C3300110885 /* PBXContainerItemProxy */;
		};
		DD6175332D306C3300110885 /* PBXTargetDependency */ = {
			isa = PBXTargetDependency;
			target = DD6175132D306C3200110885 /* echoed */;
			targetProxy = DD6175322D306C3300110885 /* PBXContainerItemProxy */;
		};
/* End PBXTargetDependency section */

/* Begin XCBuildConfiguration section */
		DD6175392D306C3300110885 /* Debug */ = {
			isa = XCBuildConfiguration;
			buildSettings = {
				ALWAYS_SEARCH_USER_PATHS = NO;
				ASSETCATALOG_COMPILER_GENERATE_SWIFT_ASSET_SYMBOL_EXTENSIONS = YES;
				CLANG_ANALYZER_NONNULL = YES;
				CLANG_ANALYZER_NUMBER_OBJECT_CONVERSION = YES_AGGRESSIVE;
				CLANG_CXX_LANGUAGE_STANDARD = "gnu++20";
				CLANG_ENABLE_MODULES = YES;
				CLANG_ENABLE_OBJC_ARC = YES;
				CLANG_ENABLE_OBJC_WEAK = YES;
				CLANG_WARN_BLOCK_CAPTURE_AUTORELEASING = YES;
				CLANG_WARN_BOOL_CONVERSION = YES;
				CLANG_WARN_COMMA = YES;
				CLANG_WARN_CONSTANT_CONVERSION = YES;
				CLANG_WARN_DEPRECATED_OBJC_IMPLEMENTATIONS = YES;
				CLANG_WARN_DIRECT_OBJC_ISA_USAGE = YES_ERROR;
				CLANG_WARN_DOCUMENTATION_COMMENTS = YES;
				CLANG_WARN_EMPTY_BODY = YES;
				CLANG_WARN_ENUM_CONVERSION = YES;
				CLANG_WARN_INFINITE_RECURSION = YES;
				CLANG_WARN_INT_CONVERSION = YES;
				CLANG_WARN_NON_LITERAL_NULL_CONVERSION = YES;
				CLANG_WARN_OBJC_IMPLICIT_RETAIN_SELF = YES;
				CLANG_WARN_OBJC_LITERAL_CONVERSION = YES;
				CLANG_WARN_OBJC_ROOT_CLASS = YES_ERROR;
				CLANG_WARN_QUOTED_INCLUDE_IN_FRAMEWORK_HEADER = YES;
				CLANG_WARN_RANGE_LOOP_ANALYSIS = YES;
				CLANG_WARN_STRICT_PROTOTYPES = YES;
				CLANG_WARN_SUSPICIOUS_MOVE = YES;
				CLANG_WARN_UNGUARDED_AVAILABILITY = YES_AGGRESSIVE;
				CLANG_WARN_UNREACHABLE_CODE = YES;
				CLANG_WARN__DUPLICATE_METHOD_MATCH = YES;
				COPY_PHASE_STRIP = NO;
				DEBUG_INFORMATION_FORMAT = dwarf;
				ENABLE_STRICT_OBJC_MSGSEND = YES;
				ENABLE_TESTABILITY = YES;
				ENABLE_USER_SCRIPT_SANDBOXING = YES;
				GCC_C_LANGUAGE_STANDARD = gnu17;
				GCC_DYNAMIC_NO_PIC = NO;
				GCC_NO_COMMON_BLOCKS = YES;
				GCC_OPTIMIZATION_LEVEL = 0;
				GCC_PREPROCESSOR_DEFINITIONS = (
					"DEBUG=1",
					"$(inherited)",
				);
				GCC_WARN_64_TO_32_BIT_CONVERSION = YES;
				GCC_WARN_ABOUT_RETURN_TYPE = YES_ERROR;
				GCC_WARN_UNDECLARED_SELECTOR = YES;
				GCC_WARN_UNINITIALIZED_AUTOS = YES_AGGRESSIVE;
				GCC_WARN_UNUSED_FUNCTION = YES;
				GCC_WARN_UNUSED_VARIABLE = YES;
				LOCALIZATION_PREFERS_STRING_CATALOGS = YES;
				MACOSX_DEPLOYMENT_TARGET = 15.1;
				MTL_ENABLE_DEBUG_INFO = INCLUDE_SOURCE;
				MTL_FAST_MATH = YES;
				ONLY_ACTIVE_ARCH = YES;
				SDKROOT = macosx;
				SWIFT_ACTIVE_COMPILATION_CONDITIONS = "DEBUG $(inherited)";
				SWIFT_OPTIMIZATION_LEVEL = "-Onone";
			};
			name = Debug;
		};
		DD61753A2D306C3300110885 /* Release */ = {
			isa = XCBuildConfiguration;
			buildSettings = {
				ALWAYS_SEARCH_USER_PATHS = NO;
				ASSETCATALOG_COMPILER_GENERATE_SWIFT_ASSET_SYMBOL_EXTENSIONS = YES;
				CLANG_ANALYZER_NONNULL = YES;
				CLANG_ANALYZER_NUMBER_OBJECT_CONVERSION = YES_AGGRESSIVE;
				CLANG_CXX_LANGUAGE_STANDARD = "gnu++20";
				CLANG_ENABLE_MODULES = YES;
				CLANG_ENABLE_OBJC_ARC = YES;
				CLANG_ENABLE_OBJC_WEAK = YES;
				CLANG_WARN_BLOCK_CAPTURE_AUTORELEASING = YES;
				CLANG_WARN_BOOL_CONVERSION = YES;
				CLANG_WARN_COMMA = YES;
				CLANG_WARN_CONSTANT_CONVERSION = YES;
				CLANG_WARN_DEPRECATED_OBJC_IMPLEMENTATIONS = YES;
				CLANG_WARN_DIRECT_OBJC_ISA_USAGE = YES_ERROR;
				CLANG_WARN_DOCUMENTATION_COMMENTS = YES;
				CLANG_WARN_EMPTY_BODY = YES;
				CLANG_WARN_ENUM_CONVERSION = YES;
				CLANG_WARN_INFINITE_RECURSION = YES;
				CLANG_WARN_INT_CONVERSION = YES;
				CLANG_WARN_NON_LITERAL_NULL_CONVERSION = YES;
				CLANG_WARN_OBJC_IMPLICIT_RETAIN_SELF = YES;
				CLANG_WARN_OBJC_LITERAL_CONVERSION = YES;
				CLANG_WARN_OBJC_ROOT_CLASS = YES_ERROR;
				CLANG_WARN_QUOTED_INCLUDE_IN_FRAMEWORK_HEADER = YES;
				CLANG_WARN_RANGE_LOOP_ANALYSIS = YES;
				CLANG_WARN_STRICT_PROTOTYPES = YES;
				CLANG_WARN_SUSPICIOUS_MOVE = YES;
				CLANG_WARN_UNGUARDED_AVAILABILITY = YES_AGGRESSIVE;
				CLANG_WARN_UNREACHABLE_CODE = YES;
				CLANG_WARN__DUPLICATE_METHOD_MATCH = YES;
				COPY_PHASE_STRIP = NO;
				DEBUG_INFORMATION_FORMAT = "dwarf-with-dsym";
				ENABLE_NS_ASSERTIONS = NO;
				ENABLE_STRICT_OBJC_MSGSEND = YES;
				ENABLE_USER_SCRIPT_SANDBOXING = YES;
				GCC_C_LANGUAGE_STANDARD = gnu17;
				GCC_NO_COMMON_BLOCKS = YES;
				GCC_WARN_64_TO_32_BIT_CONVERSION = YES;
				GCC_WARN_ABOUT_RETURN_TYPE = YES_ERROR;
				GCC_WARN_UNDECLARED_SELECTOR = YES;
				GCC_WARN_UNINITIALIZED_AUTOS = YES_AGGRESSIVE;
				GCC_WARN_UNUSED_FUNCTION = YES;
				GCC_WARN_UNUSED_VARIABLE = YES;
				LOCALIZATION_PREFERS_STRING_CATALOGS = YES;
				MACOSX_DEPLOYMENT_TARGET = 15.1;
				MTL_ENABLE_DEBUG_INFO = NO;
				MTL_FAST_MATH = YES;
				SDKROOT = macosx;
				SWIFT_COMPILATION_MODE = wholemodule;
			};
			name = Release;
		};
		DD61753C2D306C3300110885 /* Debug */ = {
			isa = XCBuildConfiguration;
			buildSettings = {
				ASSETCATALOG_COMPILER_APPICON_NAME = AppIcon;
				ASSETCATALOG_COMPILER_GLOBAL_ACCENT_COLOR_NAME = AccentColor;
				CODE_SIGN_ENTITLEMENTS = echoed/echoed.entitlements;
				CODE_SIGN_STYLE = Automatic;
				COMBINE_HIDPI_IMAGES = YES;
				CURRENT_PROJECT_VERSION = 1;
				DEVELOPMENT_ASSET_PATHS = "\"echoed/Preview Content\"";
				DEVELOPMENT_TEAM = 2T9R8683P9;
				ENABLE_HARDENED_RUNTIME = YES;
				ENABLE_PREVIEWS = YES;
				GENERATE_INFOPLIST_FILE = YES;
				INFOPLIST_KEY_NSHumanReadableCopyright = "";
				LD_RUNPATH_SEARCH_PATHS = (
					"$(inherited)",
					"@executable_path/../Frameworks",
				);
				MACOSX_DEPLOYMENT_TARGET = 14.0;
				MARKETING_VERSION = 1.0;
				PRODUCT_BUNDLE_IDENTIFIER = com.guimoapp.echoed;
				PRODUCT_NAME = "$(TARGET_NAME)";
				SWIFT_EMIT_LOC_STRINGS = YES;
				SWIFT_VERSION = 5.0;
			};
			name = Debug;
		};
		DD61753D2D306C3300110885 /* Release */ = {
			isa = XCBuildConfiguration;
			buildSettings = {
				ASSETCATALOG_COMPILER_APPICON_NAME = AppIcon;
				ASSETCATALOG_COMPILER_GLOBAL_ACCENT_COLOR_NAME = AccentColor;
				CODE_SIGN_ENTITLEMENTS = echoed/echoed.entitlements;
				CODE_SIGN_STYLE = Automatic;
				COMBINE_HIDPI_IMAGES = YES;
				CURRENT_PROJECT_VERSION = 1;
				DEVELOPMENT_ASSET_PATHS = "\"echoed/Preview Content\"";
				DEVELOPMENT_TEAM = 2T9R8683P9;
				ENABLE_HARDENED_RUNTIME = YES;
				ENABLE_PREVIEWS = YES;
				GENERATE_INFOPLIST_FILE = YES;
				INFOPLIST_KEY_NSHumanReadableCopyright = "";
				LD_RUNPATH_SEARCH_PATHS = (
					"$(inherited)",
					"@executable_path/../Frameworks",
				);
				MACOSX_DEPLOYMENT_TARGET = 14.0;
				MARKETING_VERSION = 1.0;
				PRODUCT_BUNDLE_IDENTIFIER = com.guimoapp.echoed;
				PRODUCT_NAME = "$(TARGET_NAME)";
				SWIFT_EMIT_LOC_STRINGS = YES;
				SWIFT_VERSION = 5.0;
			};
			name = Release;
		};
		DD61753F2D306C3300110885 /* Debug */ = {
			isa = XCBuildConfiguration;
			buildSettings = {
				BUNDLE_LOADER = "$(TEST_HOST)";
				CODE_SIGN_STYLE = Automatic;
				CURRENT_PROJECT_VERSION = 1;
				DEVELOPMENT_TEAM = 2T9R8683P9;
				GENERATE_INFOPLIST_FILE = YES;
				MACOSX_DEPLOYMENT_TARGET = 14.0;
				MARKETING_VERSION = 1.0;
				PRODUCT_BUNDLE_IDENTIFIER = com.guimoapp.echoedTests;
				PRODUCT_NAME = "$(TARGET_NAME)";
				SWIFT_EMIT_LOC_STRINGS = NO;
				SWIFT_VERSION = 5.0;
				TEST_HOST = "$(BUILT_PRODUCTS_DIR)/echoed.app/$(BUNDLE_EXECUTABLE_FOLDER_PATH)/echoed";
			};
			name = Debug;
		};
		DD6175402D306C3300110885 /* Release */ = {
			isa = XCBuildConfiguration;
			buildSettings = {
				BUNDLE_LOADER = "$(TEST_HOST)";
				CODE_SIGN_STYLE = Automatic;
				CURRENT_PROJECT_VERSION = 1;
				DEVELOPMENT_TEAM = 2T9R8683P9;
				GENERATE_INFOPLIST_FILE = YES;
				MACOSX_DEPLOYMENT_TARGET = 14.0;
				MARKETING_VERSION = 1.0;
				PRODUCT_BUNDLE_IDENTIFIER = com.guimoapp.echoedTests;
				PRODUCT_NAME = "$(TARGET_NAME)";
				SWIFT_EMIT_LOC_STRINGS = NO;
				SWIFT_VERSION = 5.0;
				TEST_HOST = "$(BUILT_PRODUCTS_DIR)/echoed.app/$(BUNDLE_EXECUTABLE_FOLDER_PATH)/echoed";
			};
			name = Release;
		};
		DD6175422D306C3300110885 /* Debug */ = {
			isa = XCBuildConfiguration;
			buildSettings = {
				CODE_SIGN_STYLE = Automatic;
				CURRENT_PROJECT_VERSION = 1;
				DEVELOPMENT_TEAM = 2T9R8683P9;
				GENERATE_INFOPLIST_FILE = YES;
				MARKETING_VERSION = 1.0;
				PRODUCT_BUNDLE_IDENTIFIER = com.guimoapp.echoedUITests;
				PRODUCT_NAME = "$(TARGET_NAME)";
				SWIFT_EMIT_LOC_STRINGS = NO;
				SWIFT_VERSION = 5.0;
				TEST_TARGET_NAME = echoed;
			};
			name = Debug;
		};
		DD6175432D306C3300110885 /* Release */ = {
			isa = XCBuildConfiguration;
			buildSettings = {
				CODE_SIGN_STYLE = Automatic;
				CURRENT_PROJECT_VERSION = 1;
				DEVELOPMENT_TEAM = 2T9R8683P9;
				GENERATE_INFOPLIST_FILE = YES;
				MARKETING_VERSION = 1.0;
				PRODUCT_BUNDLE_IDENTIFIER = com.guimoapp.echoedUITests;
				PRODUCT_NAME = "$(TARGET_NAME)";
				SWIFT_EMIT_LOC_STRINGS = NO;
				SWIFT_VERSION = 5.0;
				TEST_TARGET_NAME = echoed;
			};
			name = Release;
		};
/* End XCBuildConfiguration section */

/* Begin XCConfigurationList section */
		DD61750F2D306C3200110885 /* Build configuration list for PBXProject "echoed" */ = {
			isa = XCConfigurationList;
			buildConfigurations = (
				DD6175392D306C3300110885 /* Debug */,
				DD61753A2D306C3300110885 /* Release */,
			);
			defaultConfigurationIsVisible = 0;
			defaultConfigurationName = Release;
		};
		DD61753B2D306C3300110885 /* Build configuration list for PBXNativeTarget "echoed" */ = {
			isa = XCConfigurationList;
			buildConfigurations = (
				DD61753C2D306C3300110885 /* Debug */,
				DD61753D2D306C3300110885 /* Release */,
			);
			defaultConfigurationIsVisible = 0;
			defaultConfigurationName = Release;
		};
		DD61753E2D306C3300110885 /* Build configuration list for PBXNativeTarget "echoedTests" */ = {
			isa = XCConfigurationList;
			buildConfigurations = (
				DD61753F2D306C3300110885 /* Debug */,
				DD6175402D306C3300110885 /* Release */,
			);
			defaultConfigurationIsVisible = 0;
			defaultConfigurationName = Release;
		};
		DD6175412D306C3300110885 /* Build configuration list for PBXNativeTarget "echoedUITests" */ = {
			isa = XCConfigurationList;
			buildConfigurations = (
				DD6175422D306C3300110885 /* Debug */,
				DD6175432D306C3300110885 /* Release */,
			);
			defaultConfigurationIsVisible = 0;
			defaultConfigurationName = Release;
		};
/* End XCConfigurationList section */

/* Begin XCRemoteSwiftPackageReference section */
		DD6175B92D31256000110885 /* XCRemoteSwiftPackageReference "purchases-ios" */ = {
			isa = XCRemoteSwiftPackageReference;
			repositoryURL = "https://github.com/RevenueCat/purchases-ios.git";
			requirement = {
				kind = upToNextMajorVersion;
				minimumVersion = 5.14.5;
			};
		};
/* End XCRemoteSwiftPackageReference section */

/* Begin XCSwiftPackageProductDependency section */
		DD6175BA2D31256000110885 /* ReceiptParser */ = {
			isa = XCSwiftPackageProductDependency;
			package = DD6175B92D31256000110885 /* XCRemoteSwiftPackageReference "purchases-ios" */;
			productName = ReceiptParser;
		};
		DD6175BC2D31256000110885 /* RevenueCat */ = {
			isa = XCSwiftPackageProductDependency;
			package = DD6175B92D31256000110885 /* XCRemoteSwiftPackageReference "purchases-ios" */;
			productName = RevenueCat;
		};
		DD6175BE2D31256000110885 /* RevenueCatUI */ = {
			isa = XCSwiftPackageProductDependency;
			package = DD6175B92D31256000110885 /* XCRemoteSwiftPackageReference "purchases-ios" */;
			productName = RevenueCatUI;
		};
		DD6175C02D31256000110885 /* RevenueCat_CustomEntitlementComputation */ = {
			isa = XCSwiftPackageProductDependency;
			package = DD6175B92D31256000110885 /* XCRemoteSwiftPackageReference "purchases-ios" */;
			productName = RevenueCat_CustomEntitlementComputation;
		};
/* End XCSwiftPackageProductDependency section */
	};
	rootObject = DD61750C2D306C3200110885 /* Project object */;
}
